
Microsoft Visual Studio Solution File, Format Version 12.00
# Visual Studio Version 17
VisualStudioVersion = 17.12.35707.178 d17.12
MinimumVisualStudioVersion = 10.0.40219.1
Project("{FAE04EC0-301F-11D3-BF4B-00C04F79EFBC}") = "CurrencyConverter", "CurrencyConverter\CurrencyConverter.csproj", "{8C477EB8-2A63-4272-97D5-8CD156C9371E}"
EndProject
Project("{FAE04EC0-301F-11D3-BF4B-00C04F79EFBC}") = "CurrencyConverter_Test", "CurrencyConverter_Test\CurrencyConverter_Test.csproj", "{A29B9E2C-3577-4B56-8F1A-2C5DAAD76288}"
EndProject
Global
	GlobalSection(SolutionConfigurationPlatforms) = preSolution
		Debug|Any CPU = Debug|Any CPU
		Release|Any CPU = Release|Any CPU
	EndGlobalSection
	GlobalSection(ProjectConfigurationPlatforms) = postSolution
		{8C477EB8-2A63-4272-97D5-8CD156C9371E}.Debug|Any CPU.ActiveCfg = Debug|Any CPU
		{8C477EB8-2A63-4272-97D5-8CD156C9371E}.Debug|Any CPU.Build.0 = Debug|Any CPU
		{8C477EB8-2A63-4272-97D5-8CD156C9371E}.Release|Any CPU.ActiveCfg = Release|Any CPU
		{8C477EB8-2A63-4272-97D5-8CD156C9371E}.Release|Any CPU.Build.0 = Release|Any CPU
		{A29B9E2C-3577-4B56-8F1A-2C5DAAD76288}.Debug|Any CPU.ActiveCfg = Debug|Any CPU
		{A29B9E2C-3577-4B56-8F1A-2C5DAAD76288}.Debug|Any CPU.Build.0 = Debug|Any CPU
		{A29B9E2C-3577-4B56-8F1A-2C5DAAD76288}.Release|Any CPU.ActiveCfg = Release|Any CPU
		{A29B9E2C-3577-4B56-8F1A-2C5DAAD76288}.Release|Any CPU.Build.0 = Release|Any CPU
	EndGlobalSection
	GlobalSection(SolutionProperties) = preSolution
		HideSolutionNode = FALSE
	EndGlobalSection
EndGlobal
